
Microsoft Visual Studio Solution File, Format Version 12.00
# Visual Studio Version 17
VisualStudioVersion = 17.14.36518.9
MinimumVisualStudioVersion = 10.0.40219.1
Project("{2150E333-8FDC-42A3-9474-1A3956D46DE8}") = "Task0", "Task0", "{02EA681E-C7D8-13C7-8484-4AC65E1B71E8}"
EndProject
Project("{FAE04EC0-301F-11D3-BF4B-00C04F79EFBC}") = "Tyuiu.KozyrevRA.Sprint5.Task0.V18", "Tyuiu.KozyrevRA.Sprint5.Task0.V18\Tyuiu.KozyrevRA.Sprint5.Task0.V18.csproj", "{1EE26F77-E13A-4DB0-AC8E-30EB89241CA2}"
EndProject
Project("{FAE04EC0-301F-11D3-BF4B-00C04F79EFBC}") = "Tyuiu.KozyrevRA.Sprint5.Task0.V18.Test", "Tyuiu.KozyrevRA.Sprint5.Task0.V18.Test\Tyuiu.KozyrevRA.Sprint5.Task0.V18.Test.csproj", "{2340F518-5532-4049-AFC4-6BACEC79BC28}"
EndProject
Project("{FAE04EC0-301F-11D3-BF4B-00C04F79EFBC}") = "Tyuiu.KozyrevRA.Sprint5.Task0.V18.Lib", "Tyuiu.KozyrevRA.Sprint5.Task0.V18.Lib\Tyuiu.KozyrevRA.Sprint5.Task0.V18.Lib.csproj", "{CFC69B2E-4436-4B04-8372-9AF98A3B1619}"
EndProject
Project("{2150E333-8FDC-42A3-9474-1A3956D46DE8}") = "Task1", "Task1", "{DAA1C894-9904-44DD-8522-7E31E737ECFC}"
EndProject
Project("{FAE04EC0-301F-11D3-BF4B-00C04F79EFBC}") = "Tyuiu.KozyrevRA.Sprint5.Task1.V14", "Tyuiu.KozyrevRA.Sprint5.Task1.V14\Tyuiu.KozyrevRA.Sprint5.Task1.V14.csproj", "{7AB12B4A-80E3-4AAE-BB3C-681938078E15}"
EndProject
Project("{FAE04EC0-301F-11D3-BF4B-00C04F79EFBC}") = "Tyuiu.KozyrevRA.Sprint5.Task1.V14.Lib", "Tyuiu.KozyrevRA.Sprint5.Task1.V14.Lib\Tyuiu.KozyrevRA.Sprint5.Task1.V14.Lib.csproj", "{061D1403-4565-41BA-B57D-60C2A3BF1914}"
EndProject
Project("{FAE04EC0-301F-11D3-BF4B-00C04F79EFBC}") = "Tyuiu.KozyrevRA.Sprint5.Task1.V14.Test", "Tyuiu.KozyrevRA.Sprint5.Task1.V14.Test\Tyuiu.KozyrevRA.Sprint5.Task1.V14.Test.csproj", "{84FBAA12-79CB-48BF-A720-FB00131373C4}"
EndProject
Project("{2150E333-8FDC-42A3-9474-1A3956D46DE8}") = "Task2", "Task2", "{9BEE7E07-8764-4186-AD29-E399653A0416}"
EndProject
Project("{FAE04EC0-301F-11D3-BF4B-00C04F79EFBC}") = "Tyuiu.KozyrevRA.Sprint5.Task2.V14", "Tyuiu.KozyrevRA.Sprint5.Task2.V14\Tyuiu.KozyrevRA.Sprint5.Task2.V14.csproj", "{08252457-23B4-48F8-997F-4B3F986AE277}"
EndProject
Project("{FAE04EC0-301F-11D3-BF4B-00C04F79EFBC}") = "Tyuiu.KozyrevRA.Sprint5.Task2.V14.Lib", "Tyuiu.KozyrevRA.Sprint5.Task2.V14.Lib\Tyuiu.KozyrevRA.Sprint5.Task2.V14.Lib.csproj", "{3FE0933C-CC24-420C-8C41-856A55B22694}"
EndProject
Project("{FAE04EC0-301F-11D3-BF4B-00C04F79EFBC}") = "Tyuiu.KozyrevRA.Sprint5.Task2.V14.Test", "Tyuiu.KozyrevRA.Sprint5.Task2.V14.Test\Tyuiu.KozyrevRA.Sprint5.Task2.V14.Test.csproj", "{339E0D1F-8444-408E-A298-B7019A7EDA9E}"
EndProject
Project("{2150E333-8FDC-42A3-9474-1A3956D46DE8}") = "Task3", "Task3", "{BAF1CEE8-DB57-4A7F-8DC5-D942593F240F}"
EndProject
Project("{FAE04EC0-301F-11D3-BF4B-00C04F79EFBC}") = "Tyuiu.KozyrevRA.Sprint5.Task3.V12", "Tyuiu.KozyrevRA.Sprint5.Task3.V12\Tyuiu.KozyrevRA.Sprint5.Task3.V12.csproj", "{3073A723-EEBC-4FA2-BB5A-F0DE7DB174B5}"
EndProject
Project("{FAE04EC0-301F-11D3-BF4B-00C04F79EFBC}") = "Tyuiu.KozyrevRA.Sprint5.Task3.V12.Test", "Tyuiu.KozyrevRA.Sprint5.Task3.V12.Test\Tyuiu.KozyrevRA.Sprint5.Task3.V12.Test.csproj", "{39EA8509-C672-47D9-9691-41F4F8879240}"
EndProject
Project("{FAE04EC0-301F-11D3-BF4B-00C04F79EFBC}") = "Tyuiu.KozyrevRA.Sprint5.Task3.V12.Lib", "Tyuiu.KozyrevRA.Sprint5.Task3.V12.Lib\Tyuiu.KozyrevRA.Sprint5.Task3.V12.Lib.csproj", "{B28EB87F-27B4-424B-BD4E-04179FF5678C}"
EndProject
Project("{2150E333-8FDC-42A3-9474-1A3956D46DE8}") = "Task4", "Task4", "{C06DB804-092C-45F6-92F6-3485FAA463C0}"
EndProject
Project("{FAE04EC0-301F-11D3-BF4B-00C04F79EFBC}") = "Tyuiu.KozyrevRA.Sprint5.Task4.V7", "Tyuiu.KozyrevRA.Sprint5.Task4.V7\Tyuiu.KozyrevRA.Sprint5.Task4.V7.csproj", "{DC6FB5AF-A0BF-42D1-AC47-72CD434CAF58}"
EndProject
Project("{FAE04EC0-301F-11D3-BF4B-00C04F79EFBC}") = "Tyuiu.KozyrevRA.Sprint5.Task4.V7.Lib", "Tyuiu.KozyrevRA.Sprint5.Task4.V7.Lib\Tyuiu.KozyrevRA.Sprint5.Task4.V7.Lib.csproj", "{C74EF6ED-923A-49B3-B8D4-0F504C5B99F4}"
EndProject
Project("{FAE04EC0-301F-11D3-BF4B-00C04F79EFBC}") = "Tyuiu.KozyrevRA.Sprint5.Task4.V7.Test", "Tyuiu.KozyrevRA.Sprint5.Task4.V7.Test\Tyuiu.KozyrevRA.Sprint5.Task4.V7.Test.csproj", "{6B180147-A245-4327-956A-790662377E84}"
EndProject
Project("{2150E333-8FDC-42A3-9474-1A3956D46DE8}") = "Task5", "Task5", "{167DC581-D4F2-4913-8502-75E4A0A3D2A8}"
EndProject
Project("{FAE04EC0-301F-11D3-BF4B-00C04F79EFBC}") = "Tyuiu.KozyrevRA.Sprint5.Task5.V22", "Tyuiu.KozyrevRA.Sprint5.Task5.V22\Tyuiu.KozyrevRA.Sprint5.Task5.V22.csproj", "{E7A001CF-BC5D-485D-9FBC-1B1F4FA74430}"
EndProject
Project("{FAE04EC0-301F-11D3-BF4B-00C04F79EFBC}") = "Tyuiu.KozyrevRA.Sprint5.Task5.V22.Test", "Tyuiu.KozyrevRA.Sprint5.Task5.V22.Test\Tyuiu.KozyrevRA.Sprint5.Task5.V22.Test.csproj", "{5A37BA4A-85F6-42AA-8D1A-4900D5EFA0E9}"
EndProject
Project("{FAE04EC0-301F-11D3-BF4B-00C04F79EFBC}") = "Tyuiu.KozyrevRA.Sprint5.Task5.V22.Lib", "Tyuiu.KozyrevRA.Sprint5.Task5.V22.Lib\Tyuiu.KozyrevRA.Sprint5.Task5.V22.Lib.csproj", "{E112D360-6EE0-44D7-B112-7D93328FE8FF}"
EndProject
Project("{2150E333-8FDC-42A3-9474-1A3956D46DE8}") = "Task6", "Task6", "{C9D637AC-64E4-44B5-B70C-238EA662BD94}"
EndProject
Project("{FAE04EC0-301F-11D3-BF4B-00C04F79EFBC}") = "Tyuiu.KozyrevRA.Sprint5.Task6.V6", "Tyuiu.KozyrevRA.Sprint5.Task6.V6\Tyuiu.KozyrevRA.Sprint5.Task6.V6.csproj", "{C990B8FD-A198-45A1-908D-BD78A6377D46}"
EndProject
Project("{FAE04EC0-301F-11D3-BF4B-00C04F79EFBC}") = "Tyuiu.KozyrevRA.Sprint5.Task6.V6.Lib", "Tyuiu.KozyrevRA.Sprint5.Task6.V6.Lib\Tyuiu.KozyrevRA.Sprint5.Task6.V6.Lib.csproj", "{49C3380B-DF0A-44FA-B624-8CA07D1A744F}"
EndProject
Project("{FAE04EC0-301F-11D3-BF4B-00C04F79EFBC}") = "Tyuiu.KozyrevRA.Sprint5.Task6.V6.Test", "Tyuiu.KozyrevRA.Sprint5.Task6.V6.Test\Tyuiu.KozyrevRA.Sprint5.Task6.V6.Test.csproj", "{62A3EF5E-B906-460B-BFCA-50B6B120E0D7}"
EndProject
Project("{2150E333-8FDC-42A3-9474-1A3956D46DE8}") = "Task7", "Task7", "{27E953D9-DDBF-4707-990A-1292D228E9E0}"
EndProject
Project("{FAE04EC0-301F-11D3-BF4B-00C04F79EFBC}") = "Tyuiu.KozyrevRA.Sprint5.Task7.V7", "Tyuiu.KozyrevRA.Sprint5.Task7.V7\Tyuiu.KozyrevRA.Sprint5.Task7.V7.csproj", "{20C73373-EF06-4BBF-B467-344982DCF911}"
EndProject
Project("{FAE04EC0-301F-11D3-BF4B-00C04F79EFBC}") = "Tyuiu.KozyrevRA.Sprint5.Task7.V7.Test", "Tyuiu.KozyrevRA.Sprint5.Task7.V7.Test\Tyuiu.KozyrevRA.Sprint5.Task7.V7.Test.csproj", "{69BC5EDE-1348-487E-A6D6-FDA8762D8C7B}"
EndProject
Project("{FAE04EC0-301F-11D3-BF4B-00C04F79EFBC}") = "Tyuiu.KozyrevRA.Sprint5.Task7.V7.Lib", "Tyuiu.KozyrevRA.Sprint5.Task7.V7.Lib\Tyuiu.KozyrevRA.Sprint5.Task7.V7.Lib.csproj", "{610EA0BC-D42D-44F5-8840-5A999D361668}"
EndProject
Global
	GlobalSection(SolutionConfigurationPlatforms) = preSolution
		Debug|Any CPU = Debug|Any CPU
		Release|Any CPU = Release|Any CPU
	EndGlobalSection
	GlobalSection(ProjectConfigurationPlatforms) = postSolution
		{1EE26F77-E13A-4DB0-AC8E-30EB89241CA2}.Debug|Any CPU.ActiveCfg = Debug|Any CPU
		{1EE26F77-E13A-4DB0-AC8E-30EB89241CA2}.Debug|Any CPU.Build.0 = Debug|Any CPU
		{1EE26F77-E13A-4DB0-AC8E-30EB89241CA2}.Release|Any CPU.ActiveCfg = Release|Any CPU
		{1EE26F77-E13A-4DB0-AC8E-30EB89241CA2}.Release|Any CPU.Build.0 = Release|Any CPU
		{2340F518-5532-4049-AFC4-6BACEC79BC28}.Debug|Any CPU.ActiveCfg = Debug|Any CPU
		{2340F518-5532-4049-AFC4-6BACEC79BC28}.Debug|Any CPU.Build.0 = Debug|Any CPU
		{2340F518-5532-4049-AFC4-6BACEC79BC28}.Release|Any CPU.ActiveCfg = Release|Any CPU
		{2340F518-5532-4049-AFC4-6BACEC79BC28}.Release|Any CPU.Build.0 = Release|Any CPU
		{CFC69B2E-4436-4B04-8372-9AF98A3B1619}.Debug|Any CPU.ActiveCfg = Debug|Any CPU
		{CFC69B2E-4436-4B04-8372-9AF98A3B1619}.Debug|Any CPU.Build.0 = Debug|Any CPU
		{CFC69B2E-4436-4B04-8372-9AF98A3B1619}.Release|Any CPU.ActiveCfg = Release|Any CPU
		{CFC69B2E-4436-4B04-8372-9AF98A3B1619}.Release|Any CPU.Build.0 = Release|Any CPU
		{7AB12B4A-80E3-4AAE-BB3C-681938078E15}.Debug|Any CPU.ActiveCfg = Debug|Any CPU
		{7AB12B4A-80E3-4AAE-BB3C-681938078E15}.Debug|Any CPU.Build.0 = Debug|Any CPU
		{7AB12B4A-80E3-4AAE-BB3C-681938078E15}.Release|Any CPU.ActiveCfg = Release|Any CPU
		{7AB12B4A-80E3-4AAE-BB3C-681938078E15}.Release|Any CPU.Build.0 = Release|Any CPU
		{061D1403-4565-41BA-B57D-60C2A3BF1914}.Debug|Any CPU.ActiveCfg = Debug|Any CPU
		{061D1403-4565-41BA-B57D-60C2A3BF1914}.Debug|Any CPU.Build.0 = Debug|Any CPU
		{061D1403-4565-41BA-B57D-60C2A3BF1914}.Release|Any CPU.ActiveCfg = Release|Any CPU
		{061D1403-4565-41BA-B57D-60C2A3BF1914}.Release|Any CPU.Build.0 = Release|Any CPU
		{84FBAA12-79CB-48BF-A720-FB00131373C4}.Debug|Any CPU.ActiveCfg = Debug|Any CPU
		{84FBAA12-79CB-48BF-A720-FB00131373C4}.Debug|Any CPU.Build.0 = Debug|Any CPU
		{84FBAA12-79CB-48BF-A720-FB00131373C4}.Release|Any CPU.ActiveCfg = Release|Any CPU
		{84FBAA12-79CB-48BF-A720-FB00131373C4}.Release|Any CPU.Build.0 = Release|Any CPU
		{08252457-23B4-48F8-997F-4B3F986AE277}.Debug|Any CPU.ActiveCfg = Debug|Any CPU
		{08252457-23B4-48F8-997F-4B3F986AE277}.Debug|Any CPU.Build.0 = Debug|Any CPU
		{08252457-23B4-48F8-997F-4B3F986AE277}.Release|Any CPU.ActiveCfg = Release|Any CPU
		{08252457-23B4-48F8-997F-4B3F986AE277}.Release|Any CPU.Build.0 = Release|Any CPU
		{3FE0933C-CC24-420C-8C41-856A55B22694}.Debug|Any CPU.ActiveCfg = Debug|Any CPU
		{3FE0933C-CC24-420C-8C41-856A55B22694}.Debug|Any CPU.Build.0 = Debug|Any CPU
		{3FE0933C-CC24-420C-8C41-856A55B22694}.Release|Any CPU.ActiveCfg = Release|Any CPU
		{3FE0933C-CC24-420C-8C41-856A55B22694}.Release|Any CPU.Build.0 = Release|Any CPU
		{339E0D1F-8444-408E-A298-B7019A7EDA9E}.Debug|Any CPU.ActiveCfg = Debug|Any CPU
		{339E0D1F-8444-408E-A298-B7019A7EDA9E}.Debug|Any CPU.Build.0 = Debug|Any CPU
		{339E0D1F-8444-408E-A298-B7019A7EDA9E}.Release|Any CPU.ActiveCfg = Release|Any CPU
		{339E0D1F-8444-408E-A298-B7019A7EDA9E}.Release|Any CPU.Build.0 = Release|Any CPU
		{3073A723-EEBC-4FA2-BB5A-F0DE7DB174B5}.Debug|Any CPU.ActiveCfg = Debug|Any CPU
		{3073A723-EEBC-4FA2-BB5A-F0DE7DB174B5}.Debug|Any CPU.Build.0 = Debug|Any CPU
		{3073A723-EEBC-4FA2-BB5A-F0DE7DB174B5}.Release|Any CPU.ActiveCfg = Release|Any CPU
		{3073A723-EEBC-4FA2-BB5A-F0DE7DB174B5}.Release|Any CPU.Build.0 = Release|Any CPU
		{39EA8509-C672-47D9-9691-41F4F8879240}.Debug|Any CPU.ActiveCfg = Debug|Any CPU
		{39EA8509-C672-47D9-9691-41F4F8879240}.Debug|Any CPU.Build.0 = Debug|Any CPU
		{39EA8509-C672-47D9-9691-41F4F8879240}.Release|Any CPU.ActiveCfg = Release|Any CPU
		{39EA8509-C672-47D9-9691-41F4F8879240}.Release|Any CPU.Build.0 = Release|Any CPU
		{B28EB87F-27B4-424B-BD4E-04179FF5678C}.Debug|Any CPU.ActiveCfg = Debug|Any CPU
		{B28EB87F-27B4-424B-BD4E-04179FF5678C}.Debug|Any CPU.Build.0 = Debug|Any CPU
		{B28EB87F-27B4-424B-BD4E-04179FF5678C}.Release|Any CPU.ActiveCfg = Release|Any CPU
		{B28EB87F-27B4-424B-BD4E-04179FF5678C}.Release|Any CPU.Build.0 = Release|Any CPU
		{DC6FB5AF-A0BF-42D1-AC47-72CD434CAF58}.Debug|Any CPU.ActiveCfg = Debug|Any CPU
		{DC6FB5AF-A0BF-42D1-AC47-72CD434CAF58}.Debug|Any CPU.Build.0 = Debug|Any CPU
		{DC6FB5AF-A0BF-42D1-AC47-72CD434CAF58}.Release|Any CPU.ActiveCfg = Release|Any CPU
		{DC6FB5AF-A0BF-42D1-AC47-72CD434CAF58}.Release|Any CPU.Build.0 = Release|Any CPU
		{C74EF6ED-923A-49B3-B8D4-0F504C5B99F4}.Debug|Any CPU.ActiveCfg = Debug|Any CPU
		{C74EF6ED-923A-49B3-B8D4-0F504C5B99F4}.Debug|Any CPU.Build.0 = Debug|Any CPU
		{C74EF6ED-923A-49B3-B8D4-0F504C5B99F4}.Release|Any CPU.ActiveCfg = Release|Any CPU
		{C74EF6ED-923A-49B3-B8D4-0F504C5B99F4}.Release|Any CPU.Build.0 = Release|Any CPU
		{6B180147-A245-4327-956A-790662377E84}.Debug|Any CPU.ActiveCfg = Debug|Any CPU
		{6B180147-A245-4327-956A-790662377E84}.Debug|Any CPU.Build.0 = Debug|Any CPU
		{6B180147-A245-4327-956A-790662377E84}.Release|Any CPU.ActiveCfg = Release|Any CPU
		{6B180147-A245-4327-956A-790662377E84}.Release|Any CPU.Build.0 = Release|Any CPU
		{E7A001CF-BC5D-485D-9FBC-1B1F4FA74430}.Debug|Any CPU.ActiveCfg = Debug|Any CPU
		{E7A001CF-BC5D-485D-9FBC-1B1F4FA74430}.Debug|Any CPU.Build.0 = Debug|Any CPU
		{E7A001CF-BC5D-485D-9FBC-1B1F4FA74430}.Release|Any CPU.ActiveCfg = Release|Any CPU
		{E7A001CF-BC5D-485D-9FBC-1B1F4FA74430}.Release|Any CPU.Build.0 = Release|Any CPU
		{5A37BA4A-85F6-42AA-8D1A-4900D5EFA0E9}.Debug|Any CPU.ActiveCfg = Debug|Any CPU
		{5A37BA4A-85F6-42AA-8D1A-4900D5EFA0E9}.Debug|Any CPU.Build.0 = Debug|Any CPU
		{5A37BA4A-85F6-42AA-8D1A-4900D5EFA0E9}.Release|Any CPU.ActiveCfg = Release|Any CPU
		{5A37BA4A-85F6-42AA-8D1A-4900D5EFA0E9}.Release|Any CPU.Build.0 = Release|Any CPU
		{E112D360-6EE0-44D7-B112-7D93328FE8FF}.Debug|Any CPU.ActiveCfg = Debug|Any CPU
		{E112D360-6EE0-44D7-B112-7D93328FE8FF}.Debug|Any CPU.Build.0 = Debug|Any CPU
		{E112D360-6EE0-44D7-B112-7D93328FE8FF}.Release|Any CPU.ActiveCfg = Release|Any CPU
		{E112D360-6EE0-44D7-B112-7D93328FE8FF}.Release|Any CPU.Build.0 = Release|Any CPU
		{C990B8FD-A198-45A1-908D-BD78A6377D46}.Debug|Any CPU.ActiveCfg = Debug|Any CPU
		{C990B8FD-A198-45A1-908D-BD78A6377D46}.Debug|Any CPU.Build.0 = Debug|Any CPU
		{C990B8FD-A198-45A1-908D-BD78A6377D46}.Release|Any CPU.ActiveCfg = Release|Any CPU
		{C990B8FD-A198-45A1-908D-BD78A6377D46}.Release|Any CPU.Build.0 = Release|Any CPU
		{49C3380B-DF0A-44FA-B624-8CA07D1A744F}.Debug|Any CPU.ActiveCfg = Debug|Any CPU
		{49C3380B-DF0A-44FA-B624-8CA07D1A744F}.Debug|Any CPU.Build.0 = Debug|Any CPU
		{49C3380B-DF0A-44FA-B624-8CA07D1A744F}.Release|Any CPU.ActiveCfg = Release|Any CPU
		{49C3380B-DF0A-44FA-B624-8CA07D1A744F}.Release|Any CPU.Build.0 = Release|Any CPU
		{62A3EF5E-B906-460B-BFCA-50B6B120E0D7}.Debug|Any CPU.ActiveCfg = Debug|Any CPU
		{62A3EF5E-B906-460B-BFCA-50B6B120E0D7}.Debug|Any CPU.Build.0 = Debug|Any CPU
		{62A3EF5E-B906-460B-BFCA-50B6B120E0D7}.Release|Any CPU.ActiveCfg = Release|Any CPU
		{62A3EF5E-B906-460B-BFCA-50B6B120E0D7}.Release|Any CPU.Build.0 = Release|Any CPU
		{20C73373-EF06-4BBF-B467-344982DCF911}.Debug|Any CPU.ActiveCfg = Debug|Any CPU
		{20C73373-EF06-4BBF-B467-344982DCF911}.Debug|Any CPU.Build.0 = Debug|Any CPU
		{20C73373-EF06-4BBF-B467-344982DCF911}.Release|Any CPU.ActiveCfg = Release|Any CPU
		{20C73373-EF06-4BBF-B467-344982DCF911}.Release|Any CPU.Build.0 = Release|Any CPU
		{69BC5EDE-1348-487E-A6D6-FDA8762D8C7B}.Debug|Any CPU.ActiveCfg = Debug|Any CPU
		{69BC5EDE-1348-487E-A6D6-FDA8762D8C7B}.Debug|Any CPU.Build.0 = Debug|Any CPU
		{69BC5EDE-1348-487E-A6D6-FDA8762D8C7B}.Release|Any CPU.ActiveCfg = Release|Any CPU
		{69BC5EDE-1348-487E-A6D6-FDA8762D8C7B}.Release|Any CPU.Build.0 = Release|Any CPU
		{610EA0BC-D42D-44F5-8840-5A999D361668}.Debug|Any CPU.ActiveCfg = Debug|Any CPU
		{610EA0BC-D42D-44F5-8840-5A999D361668}.Debug|Any CPU.Build.0 = Debug|Any CPU
		{610EA0BC-D42D-44F5-8840-5A999D361668}.Release|Any CPU.ActiveCfg = Release|Any CPU
		{610EA0BC-D42D-44F5-8840-5A999D361668}.Release|Any CPU.Build.0 = Release|Any CPU
	EndGlobalSection
	GlobalSection(SolutionProperties) = preSolution
		HideSolutionNode = FALSE
	EndGlobalSection
	GlobalSection(NestedProjects) = preSolution
		{1EE26F77-E13A-4DB0-AC8E-30EB89241CA2} = {02EA681E-C7D8-13C7-8484-4AC65E1B71E8}
		{2340F518-5532-4049-AFC4-6BACEC79BC28} = {02EA681E-C7D8-13C7-8484-4AC65E1B71E8}
		{CFC69B2E-4436-4B04-8372-9AF98A3B1619} = {02EA681E-C7D8-13C7-8484-4AC65E1B71E8}
		{7AB12B4A-80E3-4AAE-BB3C-681938078E15} = {DAA1C894-9904-44DD-8522-7E31E737ECFC}
		{061D1403-4565-41BA-B57D-60C2A3BF1914} = {DAA1C894-9904-44DD-8522-7E31E737ECFC}
		{84FBAA12-79CB-48BF-A720-FB00131373C4} = {DAA1C894-9904-44DD-8522-7E31E737ECFC}
		{08252457-23B4-48F8-997F-4B3F986AE277} = {9BEE7E07-8764-4186-AD29-E399653A0416}
		{3FE0933C-CC24-420C-8C41-856A55B22694} = {9BEE7E07-8764-4186-AD29-E399653A0416}
		{339E0D1F-8444-408E-A298-B7019A7EDA9E} = {9BEE7E07-8764-4186-AD29-E399653A0416}
		{3073A723-EEBC-4FA2-BB5A-F0DE7DB174B5} = {BAF1CEE8-DB57-4A7F-8DC5-D942593F240F}
		{39EA8509-C672-47D9-9691-41F4F8879240} = {BAF1CEE8-DB57-4A7F-8DC5-D942593F240F}
		{B28EB87F-27B4-424B-BD4E-04179FF5678C} = {BAF1CEE8-DB57-4A7F-8DC5-D942593F240F}
		{DC6FB5AF-A0BF-42D1-AC47-72CD434CAF58} = {C06DB804-092C-45F6-92F6-3485FAA463C0}
		{C74EF6ED-923A-49B3-B8D4-0F504C5B99F4} = {C06DB804-092C-45F6-92F6-3485FAA463C0}
		{6B180147-A245-4327-956A-790662377E84} = {C06DB804-092C-45F6-92F6-3485FAA463C0}
		{E7A001CF-BC5D-485D-9FBC-1B1F4FA74430} = {167DC581-D4F2-4913-8502-75E4A0A3D2A8}
		{5A37BA4A-85F6-42AA-8D1A-4900D5EFA0E9} = {167DC581-D4F2-4913-8502-75E4A0A3D2A8}
		{E112D360-6EE0-44D7-B112-7D93328FE8FF} = {167DC581-D4F2-4913-8502-75E4A0A3D2A8}
		{C990B8FD-A198-45A1-908D-BD78A6377D46} = {C9D637AC-64E4-44B5-B70C-238EA662BD94}
		{49C3380B-DF0A-44FA-B624-8CA07D1A744F} = {C9D637AC-64E4-44B5-B70C-238EA662BD94}
		{62A3EF5E-B906-460B-BFCA-50B6B120E0D7} = {C9D637AC-64E4-44B5-B70C-238EA662BD94}
		{20C73373-EF06-4BBF-B467-344982DCF911} = {27E953D9-DDBF-4707-990A-1292D228E9E0}
		{69BC5EDE-1348-487E-A6D6-FDA8762D8C7B} = {27E953D9-DDBF-4707-990A-1292D228E9E0}
		{610EA0BC-D42D-44F5-8840-5A999D361668} = {27E953D9-DDBF-4707-990A-1292D228E9E0}
	EndGlobalSection
	GlobalSection(ExtensibilityGlobals) = postSolution
		SolutionGuid = {27059D0F-2A81-4A1A-A284-D30731DA991B}
	EndGlobalSection
EndGlobal
